
Microsoft Visual Studio Solution File, Format Version 12.00
# Visual Studio Version 17
VisualStudioVersion = 17.5.002.0
MinimumVisualStudioVersion = 10.0.40219.1
Project("{9A19103F-16F7-4668-BE54-9A1E7A4F7556}") = "Test", "Test\Test.csproj", "{69DFA16F-0AA4-4762-80E2-77E951274736}"
EndProject
Global
	GlobalSection(SolutionConfigurationPlatforms) = preSolution
		Debug|Any CPU = Debug|Any CPU
		Release|Any CPU = Release|Any CPU
	EndGlobalSection
	GlobalSection(ProjectConfigurationPlatforms) = postSolution
		{69DFA16F-0AA4-4762-80E2-77E951274736}.Debug|Any CPU.ActiveCfg = Debug|Any CPU
		{69DFA16F-0AA4-4762-80E2-77E951274736}.Debug|Any CPU.Build.0 = Debug|Any CPU
		{69DFA16F-0AA4-4762-80E2-77E951274736}.Release|Any CPU.ActiveCfg = Release|Any CPU
		{69DFA16F-0AA4-4762-80E2-77E951274736}.Release|Any CPU.Build.0 = Release|Any CPU
	EndGlobalSection
	GlobalSection(SolutionProperties) = preSolution
		HideSolutionNode = FALSE
	EndGlobalSection
	GlobalSection(ExtensibilityGlobals) = postSolution
		SolutionGuid = {33AB8000-9D72-40BB-9E9C-E0057949FDBA}
	EndGlobalSection
EndGlobal
